<?xml version="1.0" encoding="utf-8"?>
<Project ToolsVersion="4.0" xmlns="http://schemas.microsoft.com/developer/msbuild/2003">
  <ItemGroup>
    <ClCompile Include="src\Animation.cpp" />
    <ClCompile Include="src\Enemy.cpp" />
    <ClCompile Include="src\Entity.cpp" />
    <ClCompile Include="src\Explosion.cpp" />
    <ClCompile Include="src\Game.cpp" />
    <ClCompile Include="src\Missile.cpp" />
    <ClCompile Include="src\Player.cpp" />
    <ClCompile Include="src\System.cpp" />
    <ClCompile Include="src\Texture.cpp" />
  </ItemGroup>
  <ItemGroup>
    <ClInclude Include="include\Animation.h" />
    <ClInclude Include="include\Constants.h" />
    <ClInclude Include="include\Enemy.h" />
    <ClInclude Include="include\Entity.h" />
    <ClInclude Include="include\Explosion.h" />
    <ClInclude Include="include\Game.h" />
    <ClInclude Include="include\Missile.h" />
    <ClInclude Include="include\Player.h" />
    <ClInclude Include="include\Random.h" />
    <ClInclude Include="include\Spatial.h" />
    <ClInclude Include="include\System.h" />
    <ClInclude Include="include\Team.h" />
    <ClInclude Include="include\Text.h" />
    <ClInclude Include="include\Texture.h" />
    <ClInclude Include="include\Timer.h" />
    <ClInclude Include="include\Util.h" />
    <ClInclude Include="include\Vec2.h" />
  </ItemGroup>
  <ItemGroup>
    <None Include=".gitignore" />
    <None Include="libfreetype-6.dll" />
  </ItemGroup>
</Project>